
Microsoft Visual Studio Solution File, Format Version 12.00
# Visual Studio Version 17
VisualStudioVersion = 17.11.35312.102
MinimumVisualStudioVersion = 10.0.40219.1
Project("{9A19103F-16F7-4668-BE54-9A1E7A4F7556}") = "websocket.server", "websocket\websocket.server.csproj", "{5B98CDA5-01E0-47DD-810B-BAFDEDA9C45D}"
EndProject
Project("{FAE04EC0-301F-11D3-BF4B-00C04F79EFBC}") = "websocket.client", "websocket.client\websocket.client.csproj", "{EA1251F1-862D-4325-BE40-1C15462B78AB}"
EndProject
Project("{FAE04EC0-301F-11D3-BF4B-00C04F79EFBC}") = "websocket.client2", "websocket.client2\websocket.client2.csproj", "{D5815180-F213-4DE3-869A-F8B51DACB216}"
EndProject
Global
	GlobalSection(SolutionConfigurationPlatforms) = preSolution
		Debug|Any CPU = Debug|Any CPU
		Release|Any CPU = Release|Any CPU
	EndGlobalSection
	GlobalSection(ProjectConfigurationPlatforms) = postSolution
		{5B98CDA5-01E0-47DD-810B-BAFDEDA9C45D}.Debug|Any CPU.ActiveCfg = Debug|Any CPU
		{5B98CDA5-01E0-47DD-810B-BAFDEDA9C45D}.Debug|Any CPU.Build.0 = Debug|Any CPU
		{5B98CDA5-01E0-47DD-810B-BAFDEDA9C45D}.Release|Any CPU.ActiveCfg = Release|Any CPU
		{5B98CDA5-01E0-47DD-810B-BAFDEDA9C45D}.Release|Any CPU.Build.0 = Release|Any CPU
		{EA1251F1-862D-4325-BE40-1C15462B78AB}.Debug|Any CPU.ActiveCfg = Debug|Any CPU
		{EA1251F1-862D-4325-BE40-1C15462B78AB}.Debug|Any CPU.Build.0 = Debug|Any CPU
		{EA1251F1-862D-4325-BE40-1C15462B78AB}.Release|Any CPU.ActiveCfg = Release|Any CPU
		{EA1251F1-862D-4325-BE40-1C15462B78AB}.Release|Any CPU.Build.0 = Release|Any CPU
		{D5815180-F213-4DE3-869A-F8B51DACB216}.Debug|Any CPU.ActiveCfg = Debug|Any CPU
		{D5815180-F213-4DE3-869A-F8B51DACB216}.Debug|Any CPU.Build.0 = Debug|Any CPU
		{D5815180-F213-4DE3-869A-F8B51DACB216}.Release|Any CPU.ActiveCfg = Release|Any CPU
		{D5815180-F213-4DE3-869A-F8B51DACB216}.Release|Any CPU.Build.0 = Release|Any CPU
	EndGlobalSection
	GlobalSection(SolutionProperties) = preSolution
		HideSolutionNode = FALSE
	EndGlobalSection
	GlobalSection(ExtensibilityGlobals) = postSolution
		SolutionGuid = {B0F25E1B-C18F-4A62-AFDE-323828185044}
	EndGlobalSection
EndGlobal
